
Microsoft Visual Studio Solution File, Format Version 12.00
# Visual Studio Version 16
VisualStudioVersion = 16.0.29215.179
MinimumVisualStudioVersion = 10.0.40219.1
Project("{FAE04EC0-301F-11D3-BF4B-00C04F79EFBC}") = "Soins2021", "Soins2021\Soins2021.csproj", "{51A27F0C-6E03-4BF9-AA6E-B00B11EA845E}"
EndProject
Global
	GlobalSection(SolutionConfigurationPlatforms) = preSolution
		Debug|Any CPU = Debug|Any CPU
		Release|Any CPU = Release|Any CPU
	EndGlobalSection
	GlobalSection(ProjectConfigurationPlatforms) = postSolution
		{51A27F0C-6E03-4BF9-AA6E-B00B11EA845E}.Debug|Any CPU.ActiveCfg = Debug|Any CPU
		{51A27F0C-6E03-4BF9-AA6E-B00B11EA845E}.Debug|Any CPU.Build.0 = Debug|Any CPU
		{51A27F0C-6E03-4BF9-AA6E-B00B11EA845E}.Release|Any CPU.ActiveCfg = Release|Any CPU
		{51A27F0C-6E03-4BF9-AA6E-B00B11EA845E}.Release|Any CPU.Build.0 = Release|Any CPU
	EndGlobalSection
	GlobalSection(SolutionProperties) = preSolution
		HideSolutionNode = FALSE
	EndGlobalSection
	GlobalSection(ExtensibilityGlobals) = postSolution
		SolutionGuid = {0EBFD5A9-3D5C-47E5-A76A-2FB9E8719AB5}
	EndGlobalSection
EndGlobal
